
Microsoft Visual Studio Solution File, Format Version 12.00
Project("{FAE04EC0-301F-11D3-BF4B-00C04F79EFBC}") = "Domain", "Domain\Domain.csproj", "{1CBC9FCC-7771-452D-B46C-129E6BC912C8}"
EndProject
Project("{FAE04EC0-301F-11D3-BF4B-00C04F79EFBC}") = "Persistence", "Persistence\Persistence.csproj", "{751A3CFB-F3C5-4F42-9E17-AD4655D6895A}"
EndProject
Project("{FAE04EC0-301F-11D3-BF4B-00C04F79EFBC}") = "Application", "Application\Application.csproj", "{D7839890-4FCF-4A33-8D95-887364E28031}"
EndProject
Global
	GlobalSection(SolutionConfigurationPlatforms) = preSolution
		Debug|Any CPU = Debug|Any CPU
		Release|Any CPU = Release|Any CPU
	EndGlobalSection
	GlobalSection(ProjectConfigurationPlatforms) = postSolution
		{1CBC9FCC-7771-452D-B46C-129E6BC912C8}.Debug|Any CPU.ActiveCfg = Debug|Any CPU
		{1CBC9FCC-7771-452D-B46C-129E6BC912C8}.Debug|Any CPU.Build.0 = Debug|Any CPU
		{1CBC9FCC-7771-452D-B46C-129E6BC912C8}.Release|Any CPU.ActiveCfg = Release|Any CPU
		{1CBC9FCC-7771-452D-B46C-129E6BC912C8}.Release|Any CPU.Build.0 = Release|Any CPU
		{751A3CFB-F3C5-4F42-9E17-AD4655D6895A}.Debug|Any CPU.ActiveCfg = Debug|Any CPU
		{751A3CFB-F3C5-4F42-9E17-AD4655D6895A}.Debug|Any CPU.Build.0 = Debug|Any CPU
		{751A3CFB-F3C5-4F42-9E17-AD4655D6895A}.Release|Any CPU.ActiveCfg = Release|Any CPU
		{751A3CFB-F3C5-4F42-9E17-AD4655D6895A}.Release|Any CPU.Build.0 = Release|Any CPU
		{D7839890-4FCF-4A33-8D95-887364E28031}.Debug|Any CPU.ActiveCfg = Debug|Any CPU
		{D7839890-4FCF-4A33-8D95-887364E28031}.Debug|Any CPU.Build.0 = Debug|Any CPU
		{D7839890-4FCF-4A33-8D95-887364E28031}.Release|Any CPU.ActiveCfg = Release|Any CPU
		{D7839890-4FCF-4A33-8D95-887364E28031}.Release|Any CPU.Build.0 = Release|Any CPU
	EndGlobalSection
EndGlobal
